// !$*UTF8*$!
{
	archiveVersion = 1;
	classes = {
	};
	objectVersion = 50;
	objects = {

/* Begin PBXBuildFile section */
		D7307E412562AA7200543551 /* DataModel.swift in Sources */ = {isa = PBXBuildFile; fileRef = D7307E402562AA7200543551 /* DataModel.swift */; };
		D7307E462562BF7800543551 /* DataModelPins.swift in Sources */ = {isa = PBXBuildFile; fileRef = D7307E452562BF7800543551 /* DataModelPins.swift */; };
		D77B4098255AA01100B462CB /* AppDelegate.swift in Sources */ = {isa = PBXBuildFile; fileRef = D77B4097255AA01100B462CB /* AppDelegate.swift */; };
		D77B409A255AA01100B462CB /* SceneDelegate.swift in Sources */ = {isa = PBXBuildFile; fileRef = D77B4099255AA01100B462CB /* SceneDelegate.swift */; };
		D77B409C255AA01100B462CB /* MapViewController.swift in Sources */ = {isa = PBXBuildFile; fileRef = D77B409B255AA01100B462CB /* MapViewController.swift */; };
		D77B409F255AA01100B462CB /* Main.storyboard in Resources */ = {isa = PBXBuildFile; fileRef = D77B409D255AA01100B462CB /* Main.storyboard */; };
		D77B40A2255AA01100B462CB /* WhatWeatherWhere.xcdatamodeld in Sources */ = {isa = PBXBuildFile; fileRef = D77B40A0255AA01100B462CB /* WhatWeatherWhere.xcdatamodeld */; };
		D77B40A4255AA01500B462CB /* Assets.xcassets in Resources */ = {isa = PBXBuildFile; fileRef = D77B40A3255AA01500B462CB /* Assets.xcassets */; };
		D77B40A7255AA01500B462CB /* LaunchScreen.storyboard in Resources */ = {isa = PBXBuildFile; fileRef = D77B40A5255AA01500B462CB /* LaunchScreen.storyboard */; };
		D77B40B2255AA01500B462CB /* WhatWeatherWhereTests.swift in Sources */ = {isa = PBXBuildFile; fileRef = D77B40B1255AA01500B462CB /* WhatWeatherWhereTests.swift */; };
		D77B40BD255AA01500B462CB /* WhatWeatherWhereUITests.swift in Sources */ = {isa = PBXBuildFile; fileRef = D77B40BC255AA01500B462CB /* WhatWeatherWhereUITests.swift */; };
		D77B40DA255ABB7D00B462CB /* CurrentWeatherClient.swift in Sources */ = {isa = PBXBuildFile; fileRef = D77B40D9255ABB7D00B462CB /* CurrentWeatherClient.swift */; };
		D77B40DF255ABCE800B462CB /* TableViewController.swift in Sources */ = {isa = PBXBuildFile; fileRef = D77B40DE255ABCE800B462CB /* TableViewController.swift */; };
		D77B40E4255ABD1200B462CB /* CustomTableCell.swift in Sources */ = {isa = PBXBuildFile; fileRef = D77B40E3255ABD1200B462CB /* CustomTableCell.swift */; };
		D77B40EA255ABDAD00B462CB /* Pin.swift in Sources */ = {isa = PBXBuildFile; fileRef = D77B40E9255ABDAD00B462CB /* Pin.swift */; };
		D77B40F4255D205100B462CB /* ErrorRespone.swift in Sources */ = {isa = PBXBuildFile; fileRef = D77B40F3255D205100B462CB /* ErrorRespone.swift */; };
		D77B40F9255D23A800B462CB /* CurrentWeatherResponse.swift in Sources */ = {isa = PBXBuildFile; fileRef = D77B40F8255D23A800B462CB /* CurrentWeatherResponse.swift */; };
		D77B40FE255D3CE900B462CB /* Coordination.swift in Sources */ = {isa = PBXBuildFile; fileRef = D77B40FD255D3CE900B462CB /* Coordination.swift */; };
		D77B4103255D3D3000B462CB /* Weather.swift in Sources */ = {isa = PBXBuildFile; fileRef = D77B4102255D3D3000B462CB /* Weather.swift */; };
		D77B4108255D3D9D00B462CB /* MainValues.swift in Sources */ = {isa = PBXBuildFile; fileRef = D77B4107255D3D9D00B462CB /* MainValues.swift */; };
		D77B410D255D3EB900B462CB /* Wind.swift in Sources */ = {isa = PBXBuildFile; fileRef = D77B410C255D3EB900B462CB /* Wind.swift */; };
		D77B4112255D3F0600B462CB /* Cloud.swift in Sources */ = {isa = PBXBuildFile; fileRef = D77B4111255D3F0600B462CB /* Cloud.swift */; };
		D77B411A255D3F4200B462CB /* Sys.swift in Sources */ = {isa = PBXBuildFile; fileRef = D77B4119255D3F4200B462CB /* Sys.swift */; };
		D77B411F255D42EA00B462CB /* DataController.swift in Sources */ = {isa = PBXBuildFile; fileRef = D77B411E255D42EA00B462CB /* DataController.swift */; };
		D7A6DACF2567A78100BB5693 /* WeatherDetailViewController.swift in Sources */ = {isa = PBXBuildFile; fileRef = D7A6DACE2567A78100BB5693 /* WeatherDetailViewController.swift */; };
		D7A6DADA2567C6DB00BB5693 /* CustomDetailCell.swift in Sources */ = {isa = PBXBuildFile; fileRef = D7A6DAD92567C6DB00BB5693 /* CustomDetailCell.swift */; };
/* End PBXBuildFile section */

/* Begin PBXContainerItemProxy section */
		D77B40AE255AA01500B462CB /* PBXContainerItemProxy */ = {
			isa = PBXContainerItemProxy;
			containerPortal = D77B408C255AA01100B462CB /* Project object */;
			proxyType = 1;
			remoteGlobalIDString = D77B4093255AA01100B462CB;
			remoteInfo = WhatWeatherWhere;
		};
		D77B40B9255AA01500B462CB /* PBXContainerItemProxy */ = {
			isa = PBXContainerItemProxy;
			containerPortal = D77B408C255AA01100B462CB /* Project object */;
			proxyType = 1;
			remoteGlobalIDString = D77B4093255AA01100B462CB;
			remoteInfo = WhatWeatherWhere;
		};
/* End PBXContainerItemProxy section */

/* Begin PBXFileReference section */
		D7307E402562AA7200543551 /* DataModel.swift */ = {isa = PBXFileReference; lastKnownFileType = sourcecode.swift; path = DataModel.swift; sourceTree = "<group>"; };
		D7307E452562BF7800543551 /* DataModelPins.swift */ = {isa = PBXFileReference; lastKnownFileType = sourcecode.swift; path = DataModelPins.swift; sourceTree = "<group>"; };
		D77B4094255AA01100B462CB /* WhatWeatherWhere.app */ = {isa = PBXFileReference; explicitFileType = wrapper.application; includeInIndex = 0; path = WhatWeatherWhere.app; sourceTree = BUILT_PRODUCTS_DIR; };
		D77B4097255AA01100B462CB /* AppDelegate.swift */ = {isa = PBXFileReference; lastKnownFileType = sourcecode.swift; path = AppDelegate.swift; sourceTree = "<group>"; };
		D77B4099255AA01100B462CB /* SceneDelegate.swift */ = {isa = PBXFileReference; lastKnownFileType = sourcecode.swift; path = SceneDelegate.swift; sourceTree = "<group>"; };
		D77B409B255AA01100B462CB /* MapViewController.swift */ = {isa = PBXFileReference; lastKnownFileType = sourcecode.swift; path = MapViewController.swift; sourceTree = "<group>"; };
		D77B409E255AA01100B462CB /* Base */ = {isa = PBXFileReference; lastKnownFileType = file.storyboard; name = Base; path = Base.lproj/Main.storyboard; sourceTree = "<group>"; };
		D77B40A1255AA01100B462CB /* WhatWeatherWhere.xcdatamodel */ = {isa = PBXFileReference; lastKnownFileType = wrapper.xcdatamodel; path = WhatWeatherWhere.xcdatamodel; sourceTree = "<group>"; };
		D77B40A3255AA01500B462CB /* Assets.xcassets */ = {isa = PBXFileReference; lastKnownFileType = folder.assetcatalog; path = Assets.xcassets; sourceTree = "<group>"; };
		D77B40A6255AA01500B462CB /* Base */ = {isa = PBXFileReference; lastKnownFileType = file.storyboard; name = Base; path = Base.lproj/LaunchScreen.storyboard; sourceTree = "<group>"; };
		D77B40A8255AA01500B462CB /* Info.plist */ = {isa = PBXFileReference; lastKnownFileType = text.plist.xml; path = Info.plist; sourceTree = "<group>"; };
		D77B40AD255AA01500B462CB /* WhatWeatherWhereTests.xctest */ = {isa = PBXFileReference; explicitFileType = wrapper.cfbundle; includeInIndex = 0; path = WhatWeatherWhereTests.xctest; sourceTree = BUILT_PRODUCTS_DIR; };
		D77B40B1255AA01500B462CB /* WhatWeatherWhereTests.swift */ = {isa = PBXFileReference; lastKnownFileType = sourcecode.swift; path = WhatWeatherWhereTests.swift; sourceTree = "<group>"; };
		D77B40B3255AA01500B462CB /* Info.plist */ = {isa = PBXFileReference; lastKnownFileType = text.plist.xml; path = Info.plist; sourceTree = "<group>"; };
		D77B40B8255AA01500B462CB /* WhatWeatherWhereUITests.xctest */ = {isa = PBXFileReference; explicitFileType = wrapper.cfbundle; includeInIndex = 0; path = WhatWeatherWhereUITests.xctest; sourceTree = BUILT_PRODUCTS_DIR; };
		D77B40BC255AA01500B462CB /* WhatWeatherWhereUITests.swift */ = {isa = PBXFileReference; lastKnownFileType = sourcecode.swift; path = WhatWeatherWhereUITests.swift; sourceTree = "<group>"; };
		D77B40BE255AA01500B462CB /* Info.plist */ = {isa = PBXFileReference; lastKnownFileType = text.plist.xml; path = Info.plist; sourceTree = "<group>"; };
		D77B40D9255ABB7D00B462CB /* CurrentWeatherClient.swift */ = {isa = PBXFileReference; lastKnownFileType = sourcecode.swift; path = CurrentWeatherClient.swift; sourceTree = "<group>"; };
		D77B40DE255ABCE800B462CB /* TableViewController.swift */ = {isa = PBXFileReference; lastKnownFileType = sourcecode.swift; path = TableViewController.swift; sourceTree = "<group>"; };
		D77B40E3255ABD1200B462CB /* CustomTableCell.swift */ = {isa = PBXFileReference; lastKnownFileType = sourcecode.swift; path = CustomTableCell.swift; sourceTree = "<group>"; };
		D77B40E9255ABDAD00B462CB /* Pin.swift */ = {isa = PBXFileReference; lastKnownFileType = sourcecode.swift; path = Pin.swift; sourceTree = "<group>"; };
		D77B40F3255D205100B462CB /* ErrorRespone.swift */ = {isa = PBXFileReference; lastKnownFileType = sourcecode.swift; path = ErrorRespone.swift; sourceTree = "<group>"; };
		D77B40F8255D23A800B462CB /* CurrentWeatherResponse.swift */ = {isa = PBXFileReference; lastKnownFileType = sourcecode.swift; path = CurrentWeatherResponse.swift; sourceTree = "<group>"; };
		D77B40FD255D3CE900B462CB /* Coordination.swift */ = {isa = PBXFileReference; lastKnownFileType = sourcecode.swift; path = Coordination.swift; sourceTree = "<group>"; };
		D77B4102255D3D3000B462CB /* Weather.swift */ = {isa = PBXFileReference; lastKnownFileType = sourcecode.swift; path = Weather.swift; sourceTree = "<group>"; };
		D77B4107255D3D9D00B462CB /* MainValues.swift */ = {isa = PBXFileReference; lastKnownFileType = sourcecode.swift; path = MainValues.swift; sourceTree = "<group>"; };
		D77B410C255D3EB900B462CB /* Wind.swift */ = {isa = PBXFileReference; lastKnownFileType = sourcecode.swift; path = Wind.swift; sourceTree = "<group>"; };
		D77B4111255D3F0600B462CB /* Cloud.swift */ = {isa = PBXFileReference; lastKnownFileType = sourcecode.swift; path = Cloud.swift; sourceTree = "<group>"; };
		D77B4119255D3F4200B462CB /* Sys.swift */ = {isa = PBXFileReference; lastKnownFileType = sourcecode.swift; path = Sys.swift; sourceTree = "<group>"; };
		D77B411E255D42EA00B462CB /* DataController.swift */ = {isa = PBXFileReference; lastKnownFileType = sourcecode.swift; path = DataController.swift; sourceTree = "<group>"; };
		D7A6DACE2567A78100BB5693 /* WeatherDetailViewController.swift */ = {isa = PBXFileReference; lastKnownFileType = sourcecode.swift; path = WeatherDetailViewController.swift; sourceTree = "<group>"; };
		D7A6DAD92567C6DB00BB5693 /* CustomDetailCell.swift */ = {isa = PBXFileReference; lastKnownFileType = sourcecode.swift; path = CustomDetailCell.swift; sourceTree = "<group>"; };
/* End PBXFileReference section */

/* Begin PBXFrameworksBuildPhase section */
		D77B4091255AA01100B462CB /* Frameworks */ = {
			isa = PBXFrameworksBuildPhase;
			buildActionMask = 2147483647;
			files = (
			);
			runOnlyForDeploymentPostprocessing = 0;
		};
		D77B40AA255AA01500B462CB /* Frameworks */ = {
			isa = PBXFrameworksBuildPhase;
			buildActionMask = 2147483647;
			files = (
			);
			runOnlyForDeploymentPostprocessing = 0;
		};
		D77B40B5255AA01500B462CB /* Frameworks */ = {
			isa = PBXFrameworksBuildPhase;
			buildActionMask = 2147483647;
			files = (
			);
			runOnlyForDeploymentPostprocessing = 0;
		};
/* End PBXFrameworksBuildPhase section */

/* Begin PBXGroup section */
		D77B408B255AA01100B462CB = {
			isa = PBXGroup;
			children = (
				D77B4096255AA01100B462CB /* WhatWeatherWhere */,
				D77B40B0255AA01500B462CB /* WhatWeatherWhereTests */,
				D77B40BB255AA01500B462CB /* WhatWeatherWhereUITests */,
				D77B4095255AA01100B462CB /* Products */,
			);
			sourceTree = "<group>";
		};
		D77B4095255AA01100B462CB /* Products */ = {
			isa = PBXGroup;
			children = (
				D77B4094255AA01100B462CB /* WhatWeatherWhere.app */,
				D77B40AD255AA01500B462CB /* WhatWeatherWhereTests.xctest */,
				D77B40B8255AA01500B462CB /* WhatWeatherWhereUITests.xctest */,
			);
			name = Products;
			sourceTree = "<group>";
		};
		D77B4096255AA01100B462CB /* WhatWeatherWhere */ = {
			isa = PBXGroup;
			children = (
				D77B40E8255ABD9700B462CB /* Model */,
				D77B40D2255AA13B00B462CB /* CoreData */,
				D77B40D1255AA13500B462CB /* Network */,
				D77B40CF255AA12700B462CB /* Controller */,
				D77B40CE255AA0B900B462CB /* Assets */,
				D77B40CD255AA0A200B462CB /* View */,
				D77B4097255AA01100B462CB /* AppDelegate.swift */,
				D77B4099255AA01100B462CB /* SceneDelegate.swift */,
				D77B40A8255AA01500B462CB /* Info.plist */,
			);
			path = WhatWeatherWhere;
			sourceTree = "<group>";
		};
		D77B40B0255AA01500B462CB /* WhatWeatherWhereTests */ = {
			isa = PBXGroup;
			children = (
				D77B40B1255AA01500B462CB /* WhatWeatherWhereTests.swift */,
				D77B40B3255AA01500B462CB /* Info.plist */,
			);
			path = WhatWeatherWhereTests;
			sourceTree = "<group>";
		};
		D77B40BB255AA01500B462CB /* WhatWeatherWhereUITests */ = {
			isa = PBXGroup;
			children = (
				D77B40BC255AA01500B462CB /* WhatWeatherWhereUITests.swift */,
				D77B40BE255AA01500B462CB /* Info.plist */,
			);
			path = WhatWeatherWhereUITests;
			sourceTree = "<group>";
		};
		D77B40CD255AA0A200B462CB /* View */ = {
			isa = PBXGroup;
			children = (
				D77B40E3255ABD1200B462CB /* CustomTableCell.swift */,
				D7A6DAD92567C6DB00BB5693 /* CustomDetailCell.swift */,
			);
			path = View;
			sourceTree = "<group>";
		};
		D77B40CE255AA0B900B462CB /* Assets */ = {
			isa = PBXGroup;
			children = (
				D77B40A5255AA01500B462CB /* LaunchScreen.storyboard */,
				D77B409D255AA01100B462CB /* Main.storyboard */,
				D77B40A3255AA01500B462CB /* Assets.xcassets */,
			);
			path = Assets;
			sourceTree = "<group>";
		};
		D77B40CF255AA12700B462CB /* Controller */ = {
			isa = PBXGroup;
			children = (
				D77B409B255AA01100B462CB /* MapViewController.swift */,
				D77B40DE255ABCE800B462CB /* TableViewController.swift */,
				D7A6DACE2567A78100BB5693 /* WeatherDetailViewController.swift */,
			);
			path = Controller;
			sourceTree = "<group>";
		};
		D77B40D1255AA13500B462CB /* Network */ = {
			isa = PBXGroup;
			children = (
				D77B40F2255D1F3300B462CB /* Error */,
				D77B40F1255AD67200B462CB /* Response */,
				D77B40D9255ABB7D00B462CB /* CurrentWeatherClient.swift */,
			);
			path = Network;
			sourceTree = "<group>";
		};
		D77B40D2255AA13B00B462CB /* CoreData */ = {
			isa = PBXGroup;
			children = (
				D77B40A0255AA01100B462CB /* WhatWeatherWhere.xcdatamodeld */,
				D77B411E255D42EA00B462CB /* DataController.swift */,
				D7307E402562AA7200543551 /* DataModel.swift */,
				D7307E452562BF7800543551 /* DataModelPins.swift */,
			);
			path = CoreData;
			sourceTree = "<group>";
		};
		D77B40E8255ABD9700B462CB /* Model */ = {
			isa = PBXGroup;
			children = (
				D77B40E9255ABDAD00B462CB /* Pin.swift */,
			);
			path = Model;
			sourceTree = "<group>";
		};
		D77B40F1255AD67200B462CB /* Response */ = {
			isa = PBXGroup;
			children = (
				D77B40F8255D23A800B462CB /* CurrentWeatherResponse.swift */,
				D77B40FD255D3CE900B462CB /* Coordination.swift */,
				D77B4102255D3D3000B462CB /* Weather.swift */,
				D77B4107255D3D9D00B462CB /* MainValues.swift */,
				D77B410C255D3EB900B462CB /* Wind.swift */,
				D77B4111255D3F0600B462CB /* Cloud.swift */,
				D77B4119255D3F4200B462CB /* Sys.swift */,
			);
			path = Response;
			sourceTree = "<group>";
		};
		D77B40F2255D1F3300B462CB /* Error */ = {
			isa = PBXGroup;
			children = (
				D77B40F3255D205100B462CB /* ErrorRespone.swift */,
			);
			path = Error;
			sourceTree = "<group>";
		};
/* End PBXGroup section */

/* Begin PBXNativeTarget section */
		D77B4093255AA01100B462CB /* WhatWeatherWhere */ = {
			isa = PBXNativeTarget;
			buildConfigurationList = D77B40C1255AA01500B462CB /* Build configuration list for PBXNativeTarget "WhatWeatherWhere" */;
			buildPhases = (
				D77B4090255AA01100B462CB /* Sources */,
				D77B4091255AA01100B462CB /* Frameworks */,
				D77B4092255AA01100B462CB /* Resources */,
			);
			buildRules = (
			);
			dependencies = (
			);
			name = WhatWeatherWhere;
			productName = WhatWeatherWhere;
			productReference = D77B4094255AA01100B462CB /* WhatWeatherWhere.app */;
			productType = "com.apple.product-type.application";
		};
		D77B40AC255AA01500B462CB /* WhatWeatherWhereTests */ = {
			isa = PBXNativeTarget;
			buildConfigurationList = D77B40C4255AA01500B462CB /* Build configuration list for PBXNativeTarget "WhatWeatherWhereTests" */;
			buildPhases = (
				D77B40A9255AA01500B462CB /* Sources */,
				D77B40AA255AA01500B462CB /* Frameworks */,
				D77B40AB255AA01500B462CB /* Resources */,
			);
			buildRules = (
			);
			dependencies = (
				D77B40AF255AA01500B462CB /* PBXTargetDependency */,
			);
			name = WhatWeatherWhereTests;
			productName = WhatWeatherWhereTests;
			productReference = D77B40AD255AA01500B462CB /* WhatWeatherWhereTests.xctest */;
			productType = "com.apple.product-type.bundle.unit-test";
		};
		D77B40B7255AA01500B462CB /* WhatWeatherWhereUITests */ = {
			isa = PBXNativeTarget;
			buildConfigurationList = D77B40C7255AA01500B462CB /* Build configuration list for PBXNativeTarget "WhatWeatherWhereUITests" */;
			buildPhases = (
				D77B40B4255AA01500B462CB /* Sources */,
				D77B40B5255AA01500B462CB /* Frameworks */,
				D77B40B6255AA01500B462CB /* Resources */,
			);
			buildRules = (
			);
			dependencies = (
				D77B40BA255AA01500B462CB /* PBXTargetDependency */,
			);
			name = WhatWeatherWhereUITests;
			productName = WhatWeatherWhereUITests;
			productReference = D77B40B8255AA01500B462CB /* WhatWeatherWhereUITests.xctest */;
			productType = "com.apple.product-type.bundle.ui-testing";
		};
/* End PBXNativeTarget section */

/* Begin PBXProject section */
		D77B408C255AA01100B462CB /* Project object */ = {
			isa = PBXProject;
			attributes = {
				LastSwiftUpdateCheck = 1210;
				LastUpgradeCheck = 1210;
				TargetAttributes = {
					D77B4093255AA01100B462CB = {
						CreatedOnToolsVersion = 12.1;
					};
					D77B40AC255AA01500B462CB = {
						CreatedOnToolsVersion = 12.1;
						TestTargetID = D77B4093255AA01100B462CB;
					};
					D77B40B7255AA01500B462CB = {
						CreatedOnToolsVersion = 12.1;
						TestTargetID = D77B4093255AA01100B462CB;
					};
				};
			};
			buildConfigurationList = D77B408F255AA01100B462CB /* Build configuration list for PBXProject "WhatWeatherWhere" */;
			compatibilityVersion = "Xcode 9.3";
			developmentRegion = en;
			hasScannedForEncodings = 0;
			knownRegions = (
				en,
				Base,
			);
			mainGroup = D77B408B255AA01100B462CB;
			productRefGroup = D77B4095255AA01100B462CB /* Products */;
			projectDirPath = "";
			projectRoot = "";
			targets = (
				D77B4093255AA01100B462CB /* WhatWeatherWhere */,
				D77B40AC255AA01500B462CB /* WhatWeatherWhereTests */,
				D77B40B7255AA01500B462CB /* WhatWeatherWhereUITests */,
			);
		};
/* End PBXProject section */

/* Begin PBXResourcesBuildPhase section */
		D77B4092255AA01100B462CB /* Resources */ = {
			isa = PBXResourcesBuildPhase;
			buildActionMask = 2147483647;
			files = (
				D77B40A7255AA01500B462CB /* LaunchScreen.storyboard in Resources */,
				D77B40A4255AA01500B462CB /* Assets.xcassets in Resources */,
				D77B409F255AA01100B462CB /* Main.storyboard in Resources */,
			);
			runOnlyForDeploymentPostprocessing = 0;
		};
		D77B40AB255AA01500B462CB /* Resources */ = {
			isa = PBXResourcesBuildPhase;
			buildActionMask = 2147483647;
			files = (
			);
			runOnlyForDeploymentPostprocessing = 0;
		};
		D77B40B6255AA01500B462CB /* Resources */ = {
			isa = PBXResourcesBuildPhase;
			buildActionMask = 2147483647;
			files = (
			);
			runOnlyForDeploymentPostprocessing = 0;
		};
/* End PBXResourcesBuildPhase section */

/* Begin PBXSourcesBuildPhase section */
		D77B4090255AA01100B462CB /* Sources */ = {
			isa = PBXSourcesBuildPhase;
			buildActionMask = 2147483647;
			files = (
				D77B40DA255ABB7D00B462CB /* CurrentWeatherClient.swift in Sources */,
				D77B40FE255D3CE900B462CB /* Coordination.swift in Sources */,
				D77B40DF255ABCE800B462CB /* TableViewController.swift in Sources */,
				D77B411A255D3F4200B462CB /* Sys.swift in Sources */,
				D77B40A2255AA01100B462CB /* WhatWeatherWhere.xcdatamodeld in Sources */,
				D77B4103255D3D3000B462CB /* Weather.swift in Sources */,
				D77B4108255D3D9D00B462CB /* MainValues.swift in Sources */,
				D77B411F255D42EA00B462CB /* DataController.swift in Sources */,
				D7A6DADA2567C6DB00BB5693 /* CustomDetailCell.swift in Sources */,
				D77B40EA255ABDAD00B462CB /* Pin.swift in Sources */,
				D77B409C255AA01100B462CB /* MapViewController.swift in Sources */,
				D77B4098255AA01100B462CB /* AppDelegate.swift in Sources */,
				D77B410D255D3EB900B462CB /* Wind.swift in Sources */,
				D7A6DACF2567A78100BB5693 /* WeatherDetailViewController.swift in Sources */,
				D77B4112255D3F0600B462CB /* Cloud.swift in Sources */,
				D77B40F4255D205100B462CB /* ErrorRespone.swift in Sources */,
				D77B409A255AA01100B462CB /* SceneDelegate.swift in Sources */,
				D77B40E4255ABD1200B462CB /* CustomTableCell.swift in Sources */,
				D77B40F9255D23A800B462CB /* CurrentWeatherResponse.swift in Sources */,
				D7307E412562AA7200543551 /* DataModel.swift in Sources */,
				D7307E462562BF7800543551 /* DataModelPins.swift in Sources */,
			);
			runOnlyForDeploymentPostprocessing = 0;
		};
		D77B40A9255AA01500B462CB /* Sources */ = {
			isa = PBXSourcesBuildPhase;
			buildActionMask = 2147483647;
			files = (
				D77B40B2255AA01500B462CB /* WhatWeatherWhereTests.swift in Sources */,
			);
			runOnlyForDeploymentPostprocessing = 0;
		};
		D77B40B4255AA01500B462CB /* Sources */ = {
			isa = PBXSourcesBuildPhase;
			buildActionMask = 2147483647;
			files = (
				D77B40BD255AA01500B462CB /* WhatWeatherWhereUITests.swift in Sources */,
			);
			runOnlyForDeploymentPostprocessing = 0;
		};
/* End PBXSourcesBuildPhase section */

/* Begin PBXTargetDependency section */
		D77B40AF255AA01500B462CB /* PBXTargetDependency */ = {
			isa = PBXTargetDependency;
			target = D77B4093255AA01100B462CB /* WhatWeatherWhere */;
			targetProxy = D77B40AE255AA01500B462CB /* PBXContainerItemProxy */;
		};
		D77B40BA255AA01500B462CB /* PBXTargetDependency */ = {
			isa = PBXTargetDependency;
			target = D77B4093255AA01100B462CB /* WhatWeatherWhere */;
			targetProxy = D77B40B9255AA01500B462CB /* PBXContainerItemProxy */;
		};
/* End PBXTargetDependency section */

/* Begin PBXVariantGroup section */
		D77B409D255AA01100B462CB /* Main.storyboard */ = {
			isa = PBXVariantGroup;
			children = (
				D77B409E255AA01100B462CB /* Base */,
			);
			name = Main.storyboard;
			sourceTree = "<group>";
		};
		D77B40A5255AA01500B462CB /* LaunchScreen.storyboard */ = {
			isa = PBXVariantGroup;
			children = (
				D77B40A6255AA01500B462CB /* Base */,
			);
			name = LaunchScreen.storyboard;
			sourceTree = "<group>";
		};
/* End PBXVariantGroup section */

/* Begin XCBuildConfiguration section */
		D77B40BF255AA01500B462CB /* Debug */ = {
			isa = XCBuildConfiguration;
			buildSettings = {
				ALWAYS_SEARCH_USER_PATHS = NO;
				CLANG_ANALYZER_NONNULL = YES;
				CLANG_ANALYZER_NUMBER_OBJECT_CONVERSION = YES_AGGRESSIVE;
				CLANG_CXX_LANGUAGE_STANDARD = "gnu++14";
				CLANG_CXX_LIBRARY = "libc++";
				CLANG_ENABLE_MODULES = YES;
				CLANG_ENABLE_OBJC_ARC = YES;
				CLANG_ENABLE_OBJC_WEAK = YES;
				CLANG_WARN_BLOCK_CAPTURE_AUTORELEASING = YES;
				CLANG_WARN_BOOL_CONVERSION = YES;
				CLANG_WARN_COMMA = YES;
				CLANG_WARN_CONSTANT_CONVERSION = YES;
				CLANG_WARN_DEPRECATED_OBJC_IMPLEMENTATIONS = YES;
				CLANG_WARN_DIRECT_OBJC_ISA_USAGE = YES_ERROR;
				CLANG_WARN_DOCUMENTATION_COMMENTS = YES;
				CLANG_WARN_EMPTY_BODY = YES;
				CLANG_WARN_ENUM_CONVERSION = YES;
				CLANG_WARN_INFINITE_RECURSION = YES;
				CLANG_WARN_INT_CONVERSION = YES;
				CLANG_WARN_NON_LITERAL_NULL_CONVERSION = YES;
				CLANG_WARN_OBJC_IMPLICIT_RETAIN_SELF = YES;
				CLANG_WARN_OBJC_LITERAL_CONVERSION = YES;
				CLANG_WARN_OBJC_ROOT_CLASS = YES_ERROR;
				CLANG_WARN_QUOTED_INCLUDE_IN_FRAMEWORK_HEADER = YES;
				CLANG_WARN_RANGE_LOOP_ANALYSIS = YES;
				CLANG_WARN_STRICT_PROTOTYPES = YES;
				CLANG_WARN_SUSPICIOUS_MOVE = YES;
				CLANG_WARN_UNGUARDED_AVAILABILITY = YES_AGGRESSIVE;
				CLANG_WARN_UNREACHABLE_CODE = YES;
				CLANG_WARN__DUPLICATE_METHOD_MATCH = YES;
				COPY_PHASE_STRIP = NO;
				DEBUG_INFORMATION_FORMAT = dwarf;
				ENABLE_STRICT_OBJC_MSGSEND = YES;
				ENABLE_TESTABILITY = YES;
				GCC_C_LANGUAGE_STANDARD = gnu11;
				GCC_DYNAMIC_NO_PIC = NO;
				GCC_NO_COMMON_BLOCKS = YES;
				GCC_OPTIMIZATION_LEVEL = 0;
				GCC_PREPROCESSOR_DEFINITIONS = (
					"DEBUG=1",
					"$(inherited)",
				);
				GCC_WARN_64_TO_32_BIT_CONVERSION = YES;
				GCC_WARN_ABOUT_RETURN_TYPE = YES_ERROR;
				GCC_WARN_UNDECLARED_SELECTOR = YES;
				GCC_WARN_UNINITIALIZED_AUTOS = YES_AGGRESSIVE;
				GCC_WARN_UNUSED_FUNCTION = YES;
				GCC_WARN_UNUSED_VARIABLE = YES;
				IPHONEOS_DEPLOYMENT_TARGET = 14.1;
				MTL_ENABLE_DEBUG_INFO = INCLUDE_SOURCE;
				MTL_FAST_MATH = YES;
				ONLY_ACTIVE_ARCH = YES;
				SDKROOT = iphoneos;
				SWIFT_ACTIVE_COMPILATION_CONDITIONS = DEBUG;
				SWIFT_OPTIMIZATION_LEVEL = "-Onone";
			};
			name = Debug;
		};
		D77B40C0255AA01500B462CB /* Release */ = {
			isa = XCBuildConfiguration;
			buildSettings = {
				ALWAYS_SEARCH_USER_PATHS = NO;
				CLANG_ANALYZER_NONNULL = YES;
				CLANG_ANALYZER_NUMBER_OBJECT_CONVERSION = YES_AGGRESSIVE;
				CLANG_CXX_LANGUAGE_STANDARD = "gnu++14";
				CLANG_CXX_LIBRARY = "libc++";
				CLANG_ENABLE_MODULES = YES;
				CLANG_ENABLE_OBJC_ARC = YES;
				CLANG_ENABLE_OBJC_WEAK = YES;
				CLANG_WARN_BLOCK_CAPTURE_AUTORELEASING = YES;
				CLANG_WARN_BOOL_CONVERSION = YES;
				CLANG_WARN_COMMA = YES;
				CLANG_WARN_CONSTANT_CONVERSION = YES;
				CLANG_WARN_DEPRECATED_OBJC_IMPLEMENTATIONS = YES;
				CLANG_WARN_DIRECT_OBJC_ISA_USAGE = YES_ERROR;
				CLANG_WARN_DOCUMENTATION_COMMENTS = YES;
				CLANG_WARN_EMPTY_BODY = YES;
				CLANG_WARN_ENUM_CONVERSION = YES;
				CLANG_WARN_INFINITE_RECURSION = YES;
				CLANG_WARN_INT_CONVERSION = YES;
				CLANG_WARN_NON_LITERAL_NULL_CONVERSION = YES;
				CLANG_WARN_OBJC_IMPLICIT_RETAIN_SELF = YES;
				CLANG_WARN_OBJC_LITERAL_CONVERSION = YES;
				CLANG_WARN_OBJC_ROOT_CLASS = YES_ERROR;
				CLANG_WARN_QUOTED_INCLUDE_IN_FRAMEWORK_HEADER = YES;
				CLANG_WARN_RANGE_LOOP_ANALYSIS = YES;
				CLANG_WARN_STRICT_PROTOTYPES = YES;
				CLANG_WARN_SUSPICIOUS_MOVE = YES;
				CLANG_WARN_UNGUARDED_AVAILABILITY = YES_AGGRESSIVE;
				CLANG_WARN_UNREACHABLE_CODE = YES;
				CLANG_WARN__DUPLICATE_METHOD_MATCH = YES;
				COPY_PHASE_STRIP = NO;
				DEBUG_INFORMATION_FORMAT = "dwarf-with-dsym";
				ENABLE_NS_ASSERTIONS = NO;
				ENABLE_STRICT_OBJC_MSGSEND = YES;
				GCC_C_LANGUAGE_STANDARD = gnu11;
				GCC_NO_COMMON_BLOCKS = YES;
				GCC_WARN_64_TO_32_BIT_CONVERSION = YES;
				GCC_WARN_ABOUT_RETURN_TYPE = YES_ERROR;
				GCC_WARN_UNDECLARED_SELECTOR = YES;
				GCC_WARN_UNINITIALIZED_AUTOS = YES_AGGRESSIVE;
				GCC_WARN_UNUSED_FUNCTION = YES;
				GCC_WARN_UNUSED_VARIABLE = YES;
				IPHONEOS_DEPLOYMENT_TARGET = 14.1;
				MTL_ENABLE_DEBUG_INFO = NO;
				MTL_FAST_MATH = YES;
				SDKROOT = iphoneos;
				SWIFT_COMPILATION_MODE = wholemodule;
				SWIFT_OPTIMIZATION_LEVEL = "-O";
				VALIDATE_PRODUCT = YES;
			};
			name = Release;
		};
		D77B40C2255AA01500B462CB /* Debug */ = {
			isa = XCBuildConfiguration;
			buildSettings = {
				ASSETCATALOG_COMPILER_APPICON_NAME = AppIcon;
				ASSETCATALOG_COMPILER_GLOBAL_ACCENT_COLOR_NAME = AccentColor;
				CODE_SIGN_STYLE = Automatic;
				DEVELOPMENT_TEAM = 669TN7C647;
				INFOPLIST_FILE = WhatWeatherWhere/Info.plist;
				LD_RUNPATH_SEARCH_PATHS = (
					"$(inherited)",
					"@executable_path/Frameworks",
				);
				PRODUCT_BUNDLE_IDENTIFIER = com.kurs.WhatWeatherWhere;
				PRODUCT_NAME = "$(TARGET_NAME)";
				SWIFT_VERSION = 5.0;
				TARGETED_DEVICE_FAMILY = "1,2";
			};
			name = Debug;
		};
		D77B40C3255AA01500B462CB /* Release */ = {
			isa = XCBuildConfiguration;
			buildSettings = {
				ASSETCATALOG_COMPILER_APPICON_NAME = AppIcon;
				ASSETCATALOG_COMPILER_GLOBAL_ACCENT_COLOR_NAME = AccentColor;
				CODE_SIGN_STYLE = Automatic;
				DEVELOPMENT_TEAM = 669TN7C647;
				INFOPLIST_FILE = WhatWeatherWhere/Info.plist;
				LD_RUNPATH_SEARCH_PATHS = (
					"$(inherited)",
					"@executable_path/Frameworks",
				);
				PRODUCT_BUNDLE_IDENTIFIER = com.kurs.WhatWeatherWhere;
				PRODUCT_NAME = "$(TARGET_NAME)";
				SWIFT_VERSION = 5.0;
				TARGETED_DEVICE_FAMILY = "1,2";
			};
			name = Release;
		};
		D77B40C5255AA01500B462CB /* Debug */ = {
			isa = XCBuildConfiguration;
			buildSettings = {
				ALWAYS_EMBED_SWIFT_STANDARD_LIBRARIES = YES;
				BUNDLE_LOADER = "$(TEST_HOST)";
				CODE_SIGN_STYLE = Automatic;
				DEVELOPMENT_TEAM = 669TN7C647;
				INFOPLIST_FILE = WhatWeatherWhereTests/Info.plist;
				IPHONEOS_DEPLOYMENT_TARGET = 14.1;
				LD_RUNPATH_SEARCH_PATHS = (
					"$(inherited)",
					"@executable_path/Frameworks",
					"@loader_path/Frameworks",
				);
				PRODUCT_BUNDLE_IDENTIFIER = com.kurs.WhatWeatherWhereTests;
				PRODUCT_NAME = "$(TARGET_NAME)";
				SWIFT_VERSION = 5.0;
				TARGETED_DEVICE_FAMILY = "1,2";
				TEST_HOST = "$(BUILT_PRODUCTS_DIR)/WhatWeatherWhere.app/WhatWeatherWhere";
			};
			name = Debug;
		};
		D77B40C6255AA01500B462CB /* Release */ = {
			isa = XCBuildConfiguration;
			buildSettings = {
				ALWAYS_EMBED_SWIFT_STANDARD_LIBRARIES = YES;
				BUNDLE_LOADER = "$(TEST_HOST)";
				CODE_SIGN_STYLE = Automatic;
				DEVELOPMENT_TEAM = 669TN7C647;
				INFOPLIST_FILE = WhatWeatherWhereTests/Info.plist;
				IPHONEOS_DEPLOYMENT_TARGET = 14.1;
				LD_RUNPATH_SEARCH_PATHS = (
					"$(inherited)",
					"@executable_path/Frameworks",
					"@loader_path/Frameworks",
				);
				PRODUCT_BUNDLE_IDENTIFIER = com.kurs.WhatWeatherWhereTests;
				PRODUCT_NAME = "$(TARGET_NAME)";
				SWIFT_VERSION = 5.0;
				TARGETED_DEVICE_FAMILY = "1,2";
				TEST_HOST = "$(BUILT_PRODUCTS_DIR)/WhatWeatherWhere.app/WhatWeatherWhere";
			};
			name = Release;
		};
		D77B40C8255AA01500B462CB /* Debug */ = {
			isa = XCBuildConfiguration;
			buildSettings = {
				ALWAYS_EMBED_SWIFT_STANDARD_LIBRARIES = YES;
				CODE_SIGN_STYLE = Automatic;
				DEVELOPMENT_TEAM = 669TN7C647;
				INFOPLIST_FILE = WhatWeatherWhereUITests/Info.plist;
				LD_RUNPATH_SEARCH_PATHS = (
					"$(inherited)",
					"@executable_path/Frameworks",
					"@loader_path/Frameworks",
				);
				PRODUCT_BUNDLE_IDENTIFIER = com.kurs.WhatWeatherWhereUITests;
				PRODUCT_NAME = "$(TARGET_NAME)";
				SWIFT_VERSION = 5.0;
				TARGETED_DEVICE_FAMILY = "1,2";
				TEST_TARGET_NAME = WhatWeatherWhere;
			};
			name = Debug;
		};
		D77B40C9255AA01500B462CB /* Release */ = {
			isa = XCBuildConfiguration;
			buildSettings = {
				ALWAYS_EMBED_SWIFT_STANDARD_LIBRARIES = YES;
				CODE_SIGN_STYLE = Automatic;
				DEVELOPMENT_TEAM = 669TN7C647;
				INFOPLIST_FILE = WhatWeatherWhereUITests/Info.plist;
				LD_RUNPATH_SEARCH_PATHS = (
					"$(inherited)",
					"@executable_path/Frameworks",
					"@loader_path/Frameworks",
				);
				PRODUCT_BUNDLE_IDENTIFIER = com.kurs.WhatWeatherWhereUITests;
				PRODUCT_NAME = "$(TARGET_NAME)";
				SWIFT_VERSION = 5.0;
				TARGETED_DEVICE_FAMILY = "1,2";
				TEST_TARGET_NAME = WhatWeatherWhere;
			};
			name = Release;
		};
/* End XCBuildConfiguration section */

/* Begin XCConfigurationList section */
		D77B408F255AA01100B462CB /* Build configuration list for PBXProject "WhatWeatherWhere" */ = {
			isa = XCConfigurationList;
			buildConfigurations = (
				D77B40BF255AA01500B462CB /* Debug */,
				D77B40C0255AA01500B462CB /* Release */,
			);
			defaultConfigurationIsVisible = 0;
			defaultConfigurationName = Release;
		};
		D77B40C1255AA01500B462CB /* Build configuration list for PBXNativeTarget "WhatWeatherWhere" */ = {
			isa = XCConfigurationList;
			buildConfigurations = (
				D77B40C2255AA01500B462CB /* Debug */,
				D77B40C3255AA01500B462CB /* Release */,
			);
			defaultConfigurationIsVisible = 0;
			defaultConfigurationName = Release;
		};
		D77B40C4255AA01500B462CB /* Build configuration list for PBXNativeTarget "WhatWeatherWhereTests" */ = {
			isa = XCConfigurationList;
			buildConfigurations = (
				D77B40C5255AA01500B462CB /* Debug */,
				D77B40C6255AA01500B462CB /* Release */,
			);
			defaultConfigurationIsVisible = 0;
			defaultConfigurationName = Release;
		};
		D77B40C7255AA01500B462CB /* Build configuration list for PBXNativeTarget "WhatWeatherWhereUITests" */ = {
			isa = XCConfigurationList;
			buildConfigurations = (
				D77B40C8255AA01500B462CB /* Debug */,
				D77B40C9255AA01500B462CB /* Release */,
			);
			defaultConfigurationIsVisible = 0;
			defaultConfigurationName = Release;
		};
/* End XCConfigurationList section */

/* Begin XCVersionGroup section */
		D77B40A0255AA01100B462CB /* WhatWeatherWhere.xcdatamodeld */ = {
			isa = XCVersionGroup;
			children = (
				D77B40A1255AA01100B462CB /* WhatWeatherWhere.xcdatamodel */,
			);
			currentVersion = D77B40A1255AA01100B462CB /* WhatWeatherWhere.xcdatamodel */;
			path = WhatWeatherWhere.xcdatamodeld;
			sourceTree = "<group>";
			versionGroupType = wrapper.xcdatamodel;
		};
/* End XCVersionGroup section */
	};
	rootObject = D77B408C255AA01100B462CB /* Project object */;
}
